hash: 8e0d4b813e868784874cc6ae472a7eaacb85cc23df94896b086c4bd7e55da048
updated: 2018-01-09T03:21:15.677590321+07:00
imports:
- name: github.com/jmoiron/sqlx
  version: de8647470aafe4854c976707c431dbe1eb2822c6
  subpackages:
  - reflectx
- name: github.com/lib/pq
  version: 83612a56d3dd153a94a629cd64925371c9adad78
  subpackages:
  - oid
- name: github.com/ybbus/jsonrpc
  version: af3b3899128285b8a17568bb7936824759a12873
testImports: []
